<?xml version="1.0" encoding="UTF-8"?>
<Scheme
   version = "1.7">
   <BuildAction
      buildImplicitDependencies = "YES"
      parallelizeBuildables = "YES">
      <BuildActionEntries>
         <BuildActionEntry
            buildForAnalyzing = "YES"
            buildForArchiving = "YES"
            buildForProfiling = "YES"
            buildForRunning = "YES"
            buildForTesting = "YES">
            <BuildableReference
               BlueprintIdentifier = "B9DA97B02DC1472C00A4DA20"
               BlueprintName = "headwayIOS"
               BuildableIdentifier = "primary"
               BuildableName = "Headway.app"
               ReferencedContainer = "container:headwayIOS.xcodeproj">
            </BuildableReference>
         </BuildActionEntry>
      </BuildActionEntries>
   </BuildAction>
   <TestAction
      buildConfiguration = "Debug"
      selectedDebuggerIdentifier = "Xcode.DebuggerFoundation.Debugger.LLDB"
      selectedLauncherIdentifier = "Xcode.DebuggerFoundation.Launcher.LLDB"
      shouldAutocreateTestPlan = "YES"
      shouldUseLaunchSchemeArgsEnv = "YES">
   </TestAction>
   <LaunchAction
      allowLocationSimulation = "YES"
      buildConfiguration = "Debug"
      debugDocumentVersioning = "YES"
      debugServiceExtension = "internal"
      ignoresPersistentStateOnLaunch = "NO"
      launchStyle = "0"
      selectedDebuggerIdentifier = "Xcode.DebuggerFoundation.Debugger.LLDB"
      selectedLauncherIdentifier = "Xcode.DebuggerFoundation.Launcher.LLDB"
      useCustomWorkingDirectory = "NO">
      <BuildableProductRunnable
         runnableDebuggingMode = "0">
         <BuildableReference
            BlueprintIdentifier = "B9DA97B02DC1472C00A4DA20"
            BlueprintName = "headwayIOS"
            BuildableIdentifier = "primary"
            BuildableName = "Headway.app"
            ReferencedContainer = "container:headwayIOS.xcodeproj">
         </BuildableReference>
      </BuildableProductRunnable>
      <LocationScenarioReference
         identifier = "com.apple.dt.IDEFoundation.CurrentLocationScenarioIdentifier"
         referenceType = "1">
      </LocationScenarioReference>
   </LaunchAction>
   <ProfileAction
      buildConfiguration = "Release"
      debugDocumentVersioning = "YES"
      savedToolIdentifier = ""
      shouldUseLaunchSchemeArgsEnv = "YES"
      useCustomWorkingDirectory = "NO">
   </ProfileAction>
   <AnalyzeAction
      buildConfiguration = "Debug">
   </AnalyzeAction>
   <ArchiveAction
      buildConfiguration = "Release"
      revealArchiveInOrganizer = "YES">
   </ArchiveAction>
</Scheme>
